
Microsoft Visual Studio Solution File, Format Version 12.00
# Visual Studio 15
VisualStudioVersion = 15.0.27703.2042
MinimumVisualStudioVersion = 10.0.40219.1
Project("{FAE04EC0-301F-11D3-BF4B-00C04F79EFBC}") = "MapUiTools", "WpfMaps\MapUiTools\MapUiTools.csproj", "{9B2886B0-D2A8-479B-B52E-1C7B63CAB97E}"
EndProject
Project("{FAE04EC0-301F-11D3-BF4B-00C04F79EFBC}") = "WpfMaps", "WpfMaps\WpfMaps.csproj", "{CFD8D44A-7D92-4A59-A5DE-18E19E43579D}"
EndProject
Project("{FAE04EC0-301F-11D3-BF4B-00C04F79EFBC}") = "ELEMNTViewer", "ELEMNTViewer\ELEMNTViewer.csproj", "{B1F4F675-6297-4B33-AFAD-C7F376B192DD}"
	ProjectSection(ProjectDependencies) = postProject
		{CFD8D44A-7D92-4A59-A5DE-18E19E43579D} = {CFD8D44A-7D92-4A59-A5DE-18E19E43579D}
		{9B2886B0-D2A8-479B-B52E-1C7B63CAB97E} = {9B2886B0-D2A8-479B-B52E-1C7B63CAB97E}
	EndProjectSection
EndProject
Global
	GlobalSection(SolutionConfigurationPlatforms) = preSolution
		Debug|Any CPU = Debug|Any CPU
		Release|Any CPU = Release|Any CPU
	EndGlobalSection
	GlobalSection(ProjectConfigurationPlatforms) = postSolution
		{9B2886B0-D2A8-479B-B52E-1C7B63CAB97E}.Debug|Any CPU.ActiveCfg = Debug|Any CPU
		{9B2886B0-D2A8-479B-B52E-1C7B63CAB97E}.Debug|Any CPU.Build.0 = Debug|Any CPU
		{9B2886B0-D2A8-479B-B52E-1C7B63CAB97E}.Release|Any CPU.ActiveCfg = Release|Any CPU
		{9B2886B0-D2A8-479B-B52E-1C7B63CAB97E}.Release|Any CPU.Build.0 = Release|Any CPU
		{CFD8D44A-7D92-4A59-A5DE-18E19E43579D}.Debug|Any CPU.ActiveCfg = Debug|Any CPU
		{CFD8D44A-7D92-4A59-A5DE-18E19E43579D}.Debug|Any CPU.Build.0 = Debug|Any CPU
		{CFD8D44A-7D92-4A59-A5DE-18E19E43579D}.Release|Any CPU.ActiveCfg = Release|Any CPU
		{CFD8D44A-7D92-4A59-A5DE-18E19E43579D}.Release|Any CPU.Build.0 = Release|Any CPU
		{B1F4F675-6297-4B33-AFAD-C7F376B192DD}.Debug|Any CPU.ActiveCfg = Debug|Any CPU
		{B1F4F675-6297-4B33-AFAD-C7F376B192DD}.Debug|Any CPU.Build.0 = Debug|Any CPU
		{B1F4F675-6297-4B33-AFAD-C7F376B192DD}.Release|Any CPU.ActiveCfg = Release|Any CPU
		{B1F4F675-6297-4B33-AFAD-C7F376B192DD}.Release|Any CPU.Build.0 = Release|Any CPU
	EndGlobalSection
	GlobalSection(SolutionProperties) = preSolution
		HideSolutionNode = FALSE
	EndGlobalSection
	GlobalSection(ExtensibilityGlobals) = postSolution
		SolutionGuid = {CFA58C9A-51B1-4AFD-8C3D-0AC3F2DBC66B}
	EndGlobalSection
EndGlobal
